{
  "name": "leaflet.js",
  "version": "1.0.0",
  "lockfileVersion": 1,
  "requires": true,
  "dependencies": {
    "leaflet": {
      "version": "1.6.0",
      "resolved": "http://130.10.8.208/repository/bksx-npm/leaflet/-/leaflet-1.6.0.tgz",
      "integrity": "sha1-rsuwRLlJ7ClGnusxx3qI4vRI8wg="
    }
  }
}
